
Microsoft Visual Studio Solution File, Format Version 12.00
# Visual Studio Version 17
VisualStudioVersion = 17.11.35222.181
MinimumVisualStudioVersion = 10.0.40219.1
Project("{2150E333-8FDC-42A3-9474-1A3956D46DE8}") = "tests", "tests", "{81DA701D-5C10-4006-9C7C-DEDE3E15FDDE}"
EndProject
Project("{2150E333-8FDC-42A3-9474-1A3956D46DE8}") = "src", "src", "{6A938184-EC50-49D5-88FB-F013C29A8167}"
EndProject
Project("{9A19103F-16F7-4668-BE54-9A1E7A4F7556}") = "NeoEvents.VirtualMachine.Tests", "tests\NeoEvents.VirtualMachine.Tests\NeoEvents.VirtualMachine.Tests.csproj", "{51B768A4-FAE6-497B-A785-5409128540E3}"
EndProject
Project("{9A19103F-16F7-4668-BE54-9A1E7A4F7556}") = "NeoEvents.VirtualMachine", "src\NeoEvents.VirtualMachine\NeoEvents.VirtualMachine.csproj", "{D07573F8-0CD5-4EB6-85E8-2D57134B214B}"
EndProject
Project("{9A19103F-16F7-4668-BE54-9A1E7A4F7556}") = "NeoEvents.VirtualMachine.Types", "src\NeoEvents.VirtualMachine.Types\NeoEvents.VirtualMachine.Types.csproj", "{33B80B87-AD3D-42C8-BF28-F02ADF45F5AD}"
EndProject
Project("{9A19103F-16F7-4668-BE54-9A1E7A4F7556}") = "NeoEvents", "src\NeoEvents\NeoEvents.csproj", "{8088C510-63B2-4E4C-93A8-7A1C9C79B0BE}"
EndProject
Project("{FAE04EC0-301F-11D3-BF4B-00C04F79EFBC}") = "NeoEvents.VirtualMachine.Types.Tests", "tests\NeoEvents.VirtualMachine.Types.Tests\NeoEvents.VirtualMachine.Types.Tests.csproj", "{67A178F7-0EE0-4550-9D03-70C60D778736}"
EndProject
Project("{FAE04EC0-301F-11D3-BF4B-00C04F79EFBC}") = "NeoEvents.TDD", "src\NeoEvents.TDD\NeoEvents.TDD.csproj", "{56C8AD49-ADFB-47E4-A6C5-EB6D05ED6BE4}"
EndProject
Project("{2150E333-8FDC-42A3-9474-1A3956D46DE8}") = "TDD", "TDD", "{1E664F75-75B3-4294-AF32-CA12FF2D49BB}"
EndProject
Global
	GlobalSection(SolutionConfigurationPlatforms) = preSolution
		Debug|Any CPU = Debug|Any CPU
		Release|Any CPU = Release|Any CPU
	EndGlobalSection
	GlobalSection(ProjectConfigurationPlatforms) = postSolution
		{51B768A4-FAE6-497B-A785-5409128540E3}.Debug|Any CPU.ActiveCfg = Debug|Any CPU
		{51B768A4-FAE6-497B-A785-5409128540E3}.Debug|Any CPU.Build.0 = Debug|Any CPU
		{51B768A4-FAE6-497B-A785-5409128540E3}.Release|Any CPU.ActiveCfg = Release|Any CPU
		{51B768A4-FAE6-497B-A785-5409128540E3}.Release|Any CPU.Build.0 = Release|Any CPU
		{D07573F8-0CD5-4EB6-85E8-2D57134B214B}.Debug|Any CPU.ActiveCfg = Debug|Any CPU
		{D07573F8-0CD5-4EB6-85E8-2D57134B214B}.Debug|Any CPU.Build.0 = Debug|Any CPU
		{D07573F8-0CD5-4EB6-85E8-2D57134B214B}.Release|Any CPU.ActiveCfg = Release|Any CPU
		{D07573F8-0CD5-4EB6-85E8-2D57134B214B}.Release|Any CPU.Build.0 = Release|Any CPU
		{33B80B87-AD3D-42C8-BF28-F02ADF45F5AD}.Debug|Any CPU.ActiveCfg = Debug|Any CPU
		{33B80B87-AD3D-42C8-BF28-F02ADF45F5AD}.Debug|Any CPU.Build.0 = Debug|Any CPU
		{33B80B87-AD3D-42C8-BF28-F02ADF45F5AD}.Release|Any CPU.ActiveCfg = Release|Any CPU
		{33B80B87-AD3D-42C8-BF28-F02ADF45F5AD}.Release|Any CPU.Build.0 = Release|Any CPU
		{8088C510-63B2-4E4C-93A8-7A1C9C79B0BE}.Debug|Any CPU.ActiveCfg = Debug|Any CPU
		{8088C510-63B2-4E4C-93A8-7A1C9C79B0BE}.Debug|Any CPU.Build.0 = Debug|Any CPU
		{8088C510-63B2-4E4C-93A8-7A1C9C79B0BE}.Release|Any CPU.ActiveCfg = Release|Any CPU
		{8088C510-63B2-4E4C-93A8-7A1C9C79B0BE}.Release|Any CPU.Build.0 = Release|Any CPU
		{67A178F7-0EE0-4550-9D03-70C60D778736}.Debug|Any CPU.ActiveCfg = Debug|Any CPU
		{67A178F7-0EE0-4550-9D03-70C60D778736}.Debug|Any CPU.Build.0 = Debug|Any CPU
		{67A178F7-0EE0-4550-9D03-70C60D778736}.Release|Any CPU.ActiveCfg = Release|Any CPU
		{67A178F7-0EE0-4550-9D03-70C60D778736}.Release|Any CPU.Build.0 = Release|Any CPU
		{56C8AD49-ADFB-47E4-A6C5-EB6D05ED6BE4}.Debug|Any CPU.ActiveCfg = Debug|Any CPU
		{56C8AD49-ADFB-47E4-A6C5-EB6D05ED6BE4}.Debug|Any CPU.Build.0 = Debug|Any CPU
		{56C8AD49-ADFB-47E4-A6C5-EB6D05ED6BE4}.Release|Any CPU.ActiveCfg = Release|Any CPU
		{56C8AD49-ADFB-47E4-A6C5-EB6D05ED6BE4}.Release|Any CPU.Build.0 = Release|Any CPU
	EndGlobalSection
	GlobalSection(SolutionProperties) = preSolution
		HideSolutionNode = FALSE
	EndGlobalSection
	GlobalSection(NestedProjects) = preSolution
		{51B768A4-FAE6-497B-A785-5409128540E3} = {81DA701D-5C10-4006-9C7C-DEDE3E15FDDE}
		{D07573F8-0CD5-4EB6-85E8-2D57134B214B} = {6A938184-EC50-49D5-88FB-F013C29A8167}
		{33B80B87-AD3D-42C8-BF28-F02ADF45F5AD} = {6A938184-EC50-49D5-88FB-F013C29A8167}
		{8088C510-63B2-4E4C-93A8-7A1C9C79B0BE} = {6A938184-EC50-49D5-88FB-F013C29A8167}
		{67A178F7-0EE0-4550-9D03-70C60D778736} = {81DA701D-5C10-4006-9C7C-DEDE3E15FDDE}
		{56C8AD49-ADFB-47E4-A6C5-EB6D05ED6BE4} = {1E664F75-75B3-4294-AF32-CA12FF2D49BB}
		{1E664F75-75B3-4294-AF32-CA12FF2D49BB} = {6A938184-EC50-49D5-88FB-F013C29A8167}
	EndGlobalSection
	GlobalSection(ExtensibilityGlobals) = postSolution
		SolutionGuid = {01BFB097-8A56-4940-9238-E0CBD15E7D74}
	EndGlobalSection
EndGlobal
